// !$*UTF8*$!
{
	archiveVersion = 1;
	classes = {
	};
	objectVersion = 52;
	objects = {

/* Begin PBXBuildFile section */
		89494E262417C93D00C3CCC4 /* AppDelegate.swift in Sources */ = {isa = PBXBuildFile; fileRef = 89494E252417C93D00C3CCC4 /* AppDelegate.swift */; };
		89494E282417C93D00C3CCC4 /* SceneDelegate.swift in Sources */ = {isa = PBXBuildFile; fileRef = 89494E272417C93D00C3CCC4 /* SceneDelegate.swift */; };
		89494E2A2417C93D00C3CCC4 /* ViewController.swift in Sources */ = {isa = PBXBuildFile; fileRef = 89494E292417C93D00C3CCC4 /* ViewController.swift */; };
		89494E2D2417C93D00C3CCC4 /* Main.storyboard in Resources */ = {isa = PBXBuildFile; fileRef = 89494E2B2417C93D00C3CCC4 /* Main.storyboard */; };
		89494E2F2417C94000C3CCC4 /* Assets.xcassets in Resources */ = {isa = PBXBuildFile; fileRef = 89494E2E2417C94000C3CCC4 /* Assets.xcassets */; };
		89494E322417C94000C3CCC4 /* LaunchScreen.storyboard in Resources */ = {isa = PBXBuildFile; fileRef = 89494E302417C94000C3CCC4 /* LaunchScreen.storyboard */; };
		89494E3A2417F86500C3CCC4 /* SentimentModel-Sanders.mlmodel in Sources */ = {isa = PBXBuildFile; fileRef = 89494E392417F86500C3CCC4 /* SentimentModel-Sanders.mlmodel */; };
		89494E3C2417F8B700C3CCC4 /* Content.swift in Sources */ = {isa = PBXBuildFile; fileRef = 89494E3B2417F8B700C3CCC4 /* Content.swift */; };
		89494E3F2417FA8200C3CCC4 /* ContentCell.swift in Sources */ = {isa = PBXBuildFile; fileRef = 89494E3D2417FA8200C3CCC4 /* ContentCell.swift */; };
		89494E402417FA8200C3CCC4 /* ContentCell.xib in Resources */ = {isa = PBXBuildFile; fileRef = 89494E3E2417FA8200C3CCC4 /* ContentCell.xib */; };
		89494E432418668400C3CCC4 /* IQKeyboardManagerSwift in Frameworks */ = {isa = PBXBuildFile; productRef = 89494E422418668400C3CCC4 /* IQKeyboardManagerSwift */; };
		BAC2A36C68BF5227D913A514 /* Pods_project_maluku.framework in Frameworks */ = {isa = PBXBuildFile; fileRef = B459F03B6F6043EB1AF4A4EA /* Pods_project_maluku.framework */; };
/* End PBXBuildFile section */

/* Begin PBXFileReference section */
		89494E222417C93D00C3CCC4 /* Project Maluku.app */ = {isa = PBXFileReference; explicitFileType = wrapper.application; includeInIndex = 0; path = "Project Maluku.app"; sourceTree = BUILT_PRODUCTS_DIR; };
		89494E252417C93D00C3CCC4 /* AppDelegate.swift */ = {isa = PBXFileReference; lastKnownFileType = sourcecode.swift; path = AppDelegate.swift; sourceTree = "<group>"; };
		89494E272417C93D00C3CCC4 /* SceneDelegate.swift */ = {isa = PBXFileReference; lastKnownFileType = sourcecode.swift; path = SceneDelegate.swift; sourceTree = "<group>"; };
		89494E292417C93D00C3CCC4 /* ViewController.swift */ = {isa = PBXFileReference; lastKnownFileType = sourcecode.swift; path = ViewController.swift; sourceTree = "<group>"; };
		89494E2C2417C93D00C3CCC4 /* Base */ = {isa = PBXFileReference; lastKnownFileType = file.storyboard; name = Base; path = Base.lproj/Main.storyboard; sourceTree = "<group>"; };
		89494E2E2417C94000C3CCC4 /* Assets.xcassets */ = {isa = PBXFileReference; lastKnownFileType = folder.assetcatalog; path = Assets.xcassets; sourceTree = "<group>"; };
		89494E312417C94000C3CCC4 /* Base */ = {isa = PBXFileReference; lastKnownFileType = file.storyboard; name = Base; path = Base.lproj/LaunchScreen.storyboard; sourceTree = "<group>"; };
		89494E332417C94000C3CCC4 /* Info.plist */ = {isa = PBXFileReference; lastKnownFileType = text.plist.xml; path = Info.plist; sourceTree = "<group>"; };
		89494E392417F86500C3CCC4 /* SentimentModel-Sanders.mlmodel */ = {isa = PBXFileReference; lastKnownFileType = file.mlmodel; path = "SentimentModel-Sanders.mlmodel"; sourceTree = "<group>"; };
		89494E3B2417F8B700C3CCC4 /* Content.swift */ = {isa = PBXFileReference; lastKnownFileType = sourcecode.swift; path = Content.swift; sourceTree = "<group>"; };
		89494E3D2417FA8200C3CCC4 /* ContentCell.swift */ = {isa = PBXFileReference; lastKnownFileType = sourcecode.swift; path = ContentCell.swift; sourceTree = "<group>"; };
		89494E3E2417FA8200C3CCC4 /* ContentCell.xib */ = {isa = PBXFileReference; lastKnownFileType = file.xib; path = ContentCell.xib; sourceTree = "<group>"; };
		B0A21384E8AFA444A96A97E9 /* Pods-project-maluku.debug.xcconfig */ = {isa = PBXFileReference; includeInIndex = 1; lastKnownFileType = text.xcconfig; name = "Pods-project-maluku.debug.xcconfig"; path = "Target Support Files/Pods-project-maluku/Pods-project-maluku.debug.xcconfig"; sourceTree = "<group>"; };
		B459F03B6F6043EB1AF4A4EA /* Pods_project_maluku.framework */ = {isa = PBXFileReference; explicitFileType = wrapper.framework; includeInIndex = 0; path = Pods_project_maluku.framework; sourceTree = BUILT_PRODUCTS_DIR; };
		F97A4DEB83528A2E2A131FDE /* Pods-project-maluku.release.xcconfig */ = {isa = PBXFileReference; includeInIndex = 1; lastKnownFileType = text.xcconfig; name = "Pods-project-maluku.release.xcconfig"; path = "Target Support Files/Pods-project-maluku/Pods-project-maluku.release.xcconfig"; sourceTree = "<group>"; };
/* End PBXFileReference section */

/* Begin PBXFrameworksBuildPhase section */
		89494E1F2417C93D00C3CCC4 /* Frameworks */ = {
			isa = PBXFrameworksBuildPhase;
			buildActionMask = 2147483647;
			files = (
				89494E432418668400C3CCC4 /* IQKeyboardManagerSwift in Frameworks */,
				BAC2A36C68BF5227D913A514 /* Pods_project_maluku.framework in Frameworks */,
			);
			runOnlyForDeploymentPostprocessing = 0;
		};
/* End PBXFrameworksBuildPhase section */

/* Begin PBXGroup section */
		16A305D1F516B26410844C2B /* Pods */ = {
			isa = PBXGroup;
			children = (
				B0A21384E8AFA444A96A97E9 /* Pods-project-maluku.debug.xcconfig */,
				F97A4DEB83528A2E2A131FDE /* Pods-project-maluku.release.xcconfig */,
			);
			path = Pods;
			sourceTree = "<group>";
		};
		89494E192417C93D00C3CCC4 = {
			isa = PBXGroup;
			children = (
				89494E242417C93D00C3CCC4 /* project-maluku */,
				89494E232417C93D00C3CCC4 /* Products */,
				16A305D1F516B26410844C2B /* Pods */,
				A17863FB6D9933EFA33366CE /* Frameworks */,
			);
			sourceTree = "<group>";
		};
		89494E232417C93D00C3CCC4 /* Products */ = {
			isa = PBXGroup;
			children = (
				89494E222417C93D00C3CCC4 /* Project Maluku.app */,
			);
			name = Products;
			sourceTree = "<group>";
		};
		89494E242417C93D00C3CCC4 /* project-maluku */ = {
			isa = PBXGroup;
			children = (
				89494E392417F86500C3CCC4 /* SentimentModel-Sanders.mlmodel */,
				89494E252417C93D00C3CCC4 /* AppDelegate.swift */,
				89494E272417C93D00C3CCC4 /* SceneDelegate.swift */,
				89494E292417C93D00C3CCC4 /* ViewController.swift */,
				89494E2B2417C93D00C3CCC4 /* Main.storyboard */,
				89494E2E2417C94000C3CCC4 /* Assets.xcassets */,
				89494E302417C94000C3CCC4 /* LaunchScreen.storyboard */,
				89494E332417C94000C3CCC4 /* Info.plist */,
				89494E3B2417F8B700C3CCC4 /* Content.swift */,
				89494E3D2417FA8200C3CCC4 /* ContentCell.swift */,
				89494E3E2417FA8200C3CCC4 /* ContentCell.xib */,
			);
			path = "project-maluku";
			sourceTree = "<group>";
		};
		A17863FB6D9933EFA33366CE /* Frameworks */ = {
			isa = PBXGroup;
			children = (
				B459F03B6F6043EB1AF4A4EA /* Pods_project_maluku.framework */,
			);
			name = Frameworks;
			sourceTree = "<group>";
		};
/* End PBXGroup section */

/* Begin PBXNativeTarget section */
		89494E212417C93D00C3CCC4 /* project-maluku */ = {
			isa = PBXNativeTarget;
			buildConfigurationList = 89494E362417C94000C3CCC4 /* Build configuration list for PBXNativeTarget "project-maluku" */;
			buildPhases = (
				D2C4F1153AE57DFD7857779E /* [CP] Check Pods Manifest.lock */,
				89494E1E2417C93D00C3CCC4 /* Sources */,
				89494E1F2417C93D00C3CCC4 /* Frameworks */,
				89494E202417C93D00C3CCC4 /* Resources */,
			);
			buildRules = (
			);
			dependencies = (
			);
			name = "project-maluku";
			packageProductDependencies = (
				89494E422418668400C3CCC4 /* IQKeyboardManagerSwift */,
			);
			productName = "Project Maluku";
			productReference = 89494E222417C93D00C3CCC4 /* Project Maluku.app */;
			productType = "com.apple.product-type.application";
		};
/* End PBXNativeTarget section */

/* Begin PBXProject section */
		89494E1A2417C93D00C3CCC4 /* Project object */ = {
			isa = PBXProject;
			attributes = {
				LastSwiftUpdateCheck = 1130;
				LastUpgradeCheck = 1130;
				ORGANIZATIONNAME = "Andimas Bagaswara";
				TargetAttributes = {
					89494E212417C93D00C3CCC4 = {
						CreatedOnToolsVersion = 11.3.1;
					};
				};
			};
			buildConfigurationList = 89494E1D2417C93D00C3CCC4 /* Build configuration list for PBXProject "project-maluku" */;
			compatibilityVersion = "Xcode 9.3";
			developmentRegion = en;
			hasScannedForEncodings = 0;
			knownRegions = (
				en,
				Base,
			);
			mainGroup = 89494E192417C93D00C3CCC4;
			packageReferences = (
				89494E412418668400C3CCC4 /* XCRemoteSwiftPackageReference "IQKeyboardManager" */,
			);
			productRefGroup = 89494E232417C93D00C3CCC4 /* Products */;
			projectDirPath = "";
			projectRoot = "";
			targets = (
				89494E212417C93D00C3CCC4 /* project-maluku */,
			);
		};
/* End PBXProject section */

/* Begin PBXResourcesBuildPhase section */
		89494E202417C93D00C3CCC4 /* Resources */ = {
			isa = PBXResourcesBuildPhase;
			buildActionMask = 2147483647;
			files = (
				89494E322417C94000C3CCC4 /* LaunchScreen.storyboard in Resources */,
				89494E2F2417C94000C3CCC4 /* Assets.xcassets in Resources */,
				89494E2D2417C93D00C3CCC4 /* Main.storyboard in Resources */,
				89494E402417FA8200C3CCC4 /* ContentCell.xib in Resources */,
			);
			runOnlyForDeploymentPostprocessing = 0;
		};
/* End PBXResourcesBuildPhase section */

/* Begin PBXShellScriptBuildPhase section */
		D2C4F1153AE57DFD7857779E /* [CP] Check Pods Manifest.lock */ = {
			isa = PBXShellScriptBuildPhase;
			buildActionMask = 2147483647;
			files = (
			);
			inputFileListPaths = (
			);
			inputPaths = (
				"${PODS_PODFILE_DIR_PATH}/Podfile.lock",
				"${PODS_ROOT}/Manifest.lock",
			);
			name = "[CP] Check Pods Manifest.lock";
			outputFileListPaths = (
			);
			outputPaths = (
				"$(DERIVED_FILE_DIR)/Pods-project-maluku-checkManifestLockResult.txt",
			);
			runOnlyForDeploymentPostprocessing = 0;
			shellPath = /bin/sh;
			shellScript = "diff \"${PODS_PODFILE_DIR_PATH}/Podfile.lock\" \"${PODS_ROOT}/Manifest.lock\" > /dev/null\nif [ $? != 0 ] ; then\n    # print error to STDERR\n    echo \"error: The sandbox is not in sync with the Podfile.lock. Run 'pod install' or update your CocoaPods installation.\" >&2\n    exit 1\nfi\n# This output is used by Xcode 'outputs' to avoid re-running this script phase.\necho \"SUCCESS\" > \"${SCRIPT_OUTPUT_FILE_0}\"\n";
			showEnvVarsInLog = 0;
		};
/* End PBXShellScriptBuildPhase section */

/* Begin PBXSourcesBuildPhase section */
		89494E1E2417C93D00C3CCC4 /* Sources */ = {
			isa = PBXSourcesBuildPhase;
			buildActionMask = 2147483647;
			files = (
				89494E2A2417C93D00C3CCC4 /* ViewController.swift in Sources */,
				89494E262417C93D00C3CCC4 /* AppDelegate.swift in Sources */,
				89494E282417C93D00C3CCC4 /* SceneDelegate.swift in Sources */,
				89494E3F2417FA8200C3CCC4 /* ContentCell.swift in Sources */,
				89494E3C2417F8B700C3CCC4 /* Content.swift in Sources */,
				89494E3A2417F86500C3CCC4 /* SentimentModel-Sanders.mlmodel in Sources */,
			);
			runOnlyForDeploymentPostprocessing = 0;
		};
/* End PBXSourcesBuildPhase section */

/* Begin PBXVariantGroup section */
		89494E2B2417C93D00C3CCC4 /* Main.storyboard */ = {
			isa = PBXVariantGroup;
			children = (
				89494E2C2417C93D00C3CCC4 /* Base */,
			);
			name = Main.storyboard;
			sourceTree = "<group>";
		};
		89494E302417C94000C3CCC4 /* LaunchScreen.storyboard */ = {
			isa = PBXVariantGroup;
			children = (
				89494E312417C94000C3CCC4 /* Base */,
			);
			name = LaunchScreen.storyboard;
			sourceTree = "<group>";
		};
/* End PBXVariantGroup section */

/* Begin XCBuildConfiguration section */
		89494E342417C94000C3CCC4 /* Debug */ = {
			isa = XCBuildConfiguration;
			buildSettings = {
				ALWAYS_SEARCH_USER_PATHS = NO;
				CLANG_ANALYZER_NONNULL = YES;
				CLANG_ANALYZER_NUMBER_OBJECT_CONVERSION = YES_AGGRESSIVE;
				CLANG_CXX_LANGUAGE_STANDARD = "gnu++14";
				CLANG_CXX_LIBRARY = "libc++";
				CLANG_ENABLE_MODULES = YES;
				CLANG_ENABLE_OBJC_ARC = YES;
				CLANG_ENABLE_OBJC_WEAK = YES;
				CLANG_WARN_BLOCK_CAPTURE_AUTORELEASING = YES;
				CLANG_WARN_BOOL_CONVERSION = YES;
				CLANG_WARN_COMMA = YES;
				CLANG_WARN_CONSTANT_CONVERSION = YES;
				CLANG_WARN_DEPRECATED_OBJC_IMPLEMENTATIONS = YES;
				CLANG_WARN_DIRECT_OBJC_ISA_USAGE = YES_ERROR;
				CLANG_WARN_DOCUMENTATION_COMMENTS = YES;
				CLANG_WARN_EMPTY_BODY = YES;
				CLANG_WARN_ENUM_CONVERSION = YES;
				CLANG_WARN_INFINITE_RECURSION = YES;
				CLANG_WARN_INT_CONVERSION = YES;
				CLANG_WARN_NON_LITERAL_NULL_CONVERSION = YES;
				CLANG_WARN_OBJC_IMPLICIT_RETAIN_SELF = YES;
				CLANG_WARN_OBJC_LITERAL_CONVERSION = YES;
				CLANG_WARN_OBJC_ROOT_CLASS = YES_ERROR;
				CLANG_WARN_RANGE_LOOP_ANALYSIS = YES;
				CLANG_WARN_STRICT_PROTOTYPES = YES;
				CLANG_WARN_SUSPICIOUS_MOVE = YES;
				CLANG_WARN_UNGUARDED_AVAILABILITY = YES_AGGRESSIVE;
				CLANG_WARN_UNREACHABLE_CODE = YES;
				CLANG_WARN__DUPLICATE_METHOD_MATCH = YES;
				COPY_PHASE_STRIP = NO;
				DEBUG_INFORMATION_FORMAT = dwarf;
				ENABLE_STRICT_OBJC_MSGSEND = YES;
				ENABLE_TESTABILITY = YES;
				GCC_C_LANGUAGE_STANDARD = gnu11;
				GCC_DYNAMIC_NO_PIC = NO;
				GCC_NO_COMMON_BLOCKS = YES;
				GCC_OPTIMIZATION_LEVEL = 0;
				GCC_PREPROCESSOR_DEFINITIONS = (
					"DEBUG=1",
					"$(inherited)",
				);
				GCC_WARN_64_TO_32_BIT_CONVERSION = YES;
				GCC_WARN_ABOUT_RETURN_TYPE = YES_ERROR;
				GCC_WARN_UNDECLARED_SELECTOR = YES;
				GCC_WARN_UNINITIALIZED_AUTOS = YES_AGGRESSIVE;
				GCC_WARN_UNUSED_FUNCTION = YES;
				GCC_WARN_UNUSED_VARIABLE = YES;
				IPHONEOS_DEPLOYMENT_TARGET = 13.2;
				MTL_ENABLE_DEBUG_INFO = INCLUDE_SOURCE;
				MTL_FAST_MATH = YES;
				ONLY_ACTIVE_ARCH = YES;
				SDKROOT = iphoneos;
				SWIFT_ACTIVE_COMPILATION_CONDITIONS = DEBUG;
				SWIFT_OPTIMIZATION_LEVEL = "-Onone";
			};
			name = Debug;
		};
		89494E352417C94000C3CCC4 /* Release */ = {
			isa = XCBuildConfiguration;
			buildSettings = {
				ALWAYS_SEARCH_USER_PATHS = NO;
				CLANG_ANALYZER_NONNULL = YES;
				CLANG_ANALYZER_NUMBER_OBJECT_CONVERSION = YES_AGGRESSIVE;
				CLANG_CXX_LANGUAGE_STANDARD = "gnu++14";
				CLANG_CXX_LIBRARY = "libc++";
				CLANG_ENABLE_MODULES = YES;
				CLANG_ENABLE_OBJC_ARC = YES;
				CLANG_ENABLE_OBJC_WEAK = YES;
				CLANG_WARN_BLOCK_CAPTURE_AUTORELEASING = YES;
				CLANG_WARN_BOOL_CONVERSION = YES;
				CLANG_WARN_COMMA = YES;
				CLANG_WARN_CONSTANT_CONVERSION = YES;
				CLANG_WARN_DEPRECATED_OBJC_IMPLEMENTATIONS = YES;
				CLANG_WARN_DIRECT_OBJC_ISA_USAGE = YES_ERROR;
				CLANG_WARN_DOCUMENTATION_COMMENTS = YES;
				CLANG_WARN_EMPTY_BODY = YES;
				CLANG_WARN_ENUM_CONVERSION = YES;
				CLANG_WARN_INFINITE_RECURSION = YES;
				CLANG_WARN_INT_CONVERSION = YES;
				CLANG_WARN_NON_LITERAL_NULL_CONVERSION = YES;
				CLANG_WARN_OBJC_IMPLICIT_RETAIN_SELF = YES;
				CLANG_WARN_OBJC_LITERAL_CONVERSION = YES;
				CLANG_WARN_OBJC_ROOT_CLASS = YES_ERROR;
				CLANG_WARN_RANGE_LOOP_ANALYSIS = YES;
				CLANG_WARN_STRICT_PROTOTYPES = YES;
				CLANG_WARN_SUSPICIOUS_MOVE = YES;
				CLANG_WARN_UNGUARDED_AVAILABILITY = YES_AGGRESSIVE;
				CLANG_WARN_UNREACHABLE_CODE = YES;
				CLANG_WARN__DUPLICATE_METHOD_MATCH = YES;
				COPY_PHASE_STRIP = NO;
				DEBUG_INFORMATION_FORMAT = "dwarf-with-dsym";
				ENABLE_NS_ASSERTIONS = NO;
				ENABLE_STRICT_OBJC_MSGSEND = YES;
				GCC_C_LANGUAGE_STANDARD = gnu11;
				GCC_NO_COMMON_BLOCKS = YES;
				GCC_WARN_64_TO_32_BIT_CONVERSION = YES;
				GCC_WARN_ABOUT_RETURN_TYPE = YES_ERROR;
				GCC_WARN_UNDECLARED_SELECTOR = YES;
				GCC_WARN_UNINITIALIZED_AUTOS = YES_AGGRESSIVE;
				GCC_WARN_UNUSED_FUNCTION = YES;
				GCC_WARN_UNUSED_VARIABLE = YES;
				IPHONEOS_DEPLOYMENT_TARGET = 13.2;
				MTL_ENABLE_DEBUG_INFO = NO;
				MTL_FAST_MATH = YES;
				SDKROOT = iphoneos;
				SWIFT_COMPILATION_MODE = wholemodule;
				SWIFT_OPTIMIZATION_LEVEL = "-O";
				VALIDATE_PRODUCT = YES;
			};
			name = Release;
		};
		89494E372417C94000C3CCC4 /* Debug */ = {
			isa = XCBuildConfiguration;
			baseConfigurationReference = B0A21384E8AFA444A96A97E9 /* Pods-project-maluku.debug.xcconfig */;
			buildSettings = {
				ASSETCATALOG_COMPILER_APPICON_NAME = AppIcon;
				CODE_SIGN_STYLE = Automatic;
				DEVELOPMENT_TEAM = TAYLVU398Z;
				INFOPLIST_FILE = "project-maluku/Info.plist";
				LD_RUNPATH_SEARCH_PATHS = (
					"$(inherited)",
					"@executable_path/Frameworks",
				);
				PRODUCT_BUNDLE_IDENTIFIER = "com.andimasbagaswara.project-maluku";
				PRODUCT_NAME = "Project Maluku";
				SWIFT_VERSION = 5.0;
				TARGETED_DEVICE_FAMILY = 1;
			};
			name = Debug;
		};
		89494E382417C94000C3CCC4 /* Release */ = {
			isa = XCBuildConfiguration;
			baseConfigurationReference = F97A4DEB83528A2E2A131FDE /* Pods-project-maluku.release.xcconfig */;
			buildSettings = {
				ASSETCATALOG_COMPILER_APPICON_NAME = AppIcon;
				CODE_SIGN_STYLE = Automatic;
				DEVELOPMENT_TEAM = TAYLVU398Z;
				INFOPLIST_FILE = "project-maluku/Info.plist";
				LD_RUNPATH_SEARCH_PATHS = (
					"$(inherited)",
					"@executable_path/Frameworks",
				);
				PRODUCT_BUNDLE_IDENTIFIER = "com.andimasbagaswara.project-maluku";
				PRODUCT_NAME = "Project Maluku";
				SWIFT_VERSION = 5.0;
				TARGETED_DEVICE_FAMILY = 1;
			};
			name = Release;
		};
/* End XCBuildConfiguration section */

/* Begin XCConfigurationList section */
		89494E1D2417C93D00C3CCC4 /* Build configuration list for PBXProject "project-maluku" */ = {
			isa = XCConfigurationList;
			buildConfigurations = (
				89494E342417C94000C3CCC4 /* Debug */,
				89494E352417C94000C3CCC4 /* Release */,
			);
			defaultConfigurationIsVisible = 0;
			defaultConfigurationName = Release;
		};
		89494E362417C94000C3CCC4 /* Build configuration list for PBXNativeTarget "project-maluku" */ = {
			isa = XCConfigurationList;
			buildConfigurations = (
				89494E372417C94000C3CCC4 /* Debug */,
				89494E382417C94000C3CCC4 /* Release */,
			);
			defaultConfigurationIsVisible = 0;
			defaultConfigurationName = Release;
		};
/* End XCConfigurationList section */

/* Begin XCRemoteSwiftPackageReference section */
		89494E412418668400C3CCC4 /* XCRemoteSwiftPackageReference "IQKeyboardManager" */ = {
			isa = XCRemoteSwiftPackageReference;
			repositoryURL = "https://github.com/hackiftekhar/IQKeyboardManager";
			requirement = {
				kind = upToNextMajorVersion;
				minimumVersion = 6.5.5;
			};
		};
/* End XCRemoteSwiftPackageReference section */

/* Begin XCSwiftPackageProductDependency section */
		89494E422418668400C3CCC4 /* IQKeyboardManagerSwift */ = {
			isa = XCSwiftPackageProductDependency;
			package = 89494E412418668400C3CCC4 /* XCRemoteSwiftPackageReference "IQKeyboardManager" */;
			productName = IQKeyboardManagerSwift;
		};
/* End XCSwiftPackageProductDependency section */
	};
	rootObject = 89494E1A2417C93D00C3CCC4 /* Project object */;
}
